// !$*UTF8*$!
{
	archiveVersion = 1;
	classes = {
	};
	objectVersion = 46;
	objects = {

/* Begin PBXBuildFile section */
		21BDF8781AC8D3470026C475 /* main.m in Sources */ = {isa = PBXBuildFile; fileRef = 21BDF8771AC8D3470026C475 /* main.m */; };
		21BDF87B1AC8D3470026C475 /* AppDelegate.m in Sources */ = {isa = PBXBuildFile; fileRef = 21BDF87A1AC8D3470026C475 /* AppDelegate.m */; };
		21BDF87E1AC8D3470026C475 /* ViewController.m in Sources */ = {isa = PBXBuildFile; fileRef = 21BDF87D1AC8D3470026C475 /* ViewController.m */; };
		21BDF8811AC8D3470026C475 /* Main.storyboard in Resources */ = {isa = PBXBuildFile; fileRef = 21BDF87F1AC8D3470026C475 /* Main.storyboard */; };
		21BDF8831AC8D3470026C475 /* Images.xcassets in Resources */ = {isa = PBXBuildFile; fileRef = 21BDF8821AC8D3470026C475 /* Images.xcassets */; };
		21BDF8861AC8D3470026C475 /* LaunchScreen.xib in Resources */ = {isa = PBXBuildFile; fileRef = 21BDF8841AC8D3470026C475 /* LaunchScreen.xib */; };
		21BDF8921AC8D3470026C475 /* teiboTests.m in Sources */ = {isa = PBXBuildFile; fileRef = 21BDF8911AC8D3470026C475 /* teiboTests.m */; };
/* End PBXBuildFile section */

/* Begin PBXContainerItemProxy section */
		21BDF88C1AC8D3470026C475 /* PBXContainerItemProxy */ = {
			isa = PBXContainerItemProxy;
			containerPortal = 21BDF86A1AC8D3460026C475 /* Project object */;
			proxyType = 1;
			remoteGlobalIDString = 21BDF8711AC8D3460026C475;
			remoteInfo = teibo;
		};
/* End PBXContainerItemProxy section */

/* Begin PBXFileReference section */
		21BDF8721AC8D3460026C475 /* teibo.app */ = {isa = PBXFileReference; explicitFileType = wrapper.application; includeInIndex = 0; path = teibo.app; sourceTree = BUILT_PRODUCTS_DIR; };
		21BDF8761AC8D3470026C475 /* Info.plist */ = {isa = PBXFileReference; lastKnownFileType = text.plist.xml; path = Info.plist; sourceTree = "<group>"; };
		21BDF8771AC8D3470026C475 /* main.m */ = {isa = PBXFileReference; lastKnownFileType = sourcecode.c.objc; path = main.m; sourceTree = "<group>"; };
		21BDF8791AC8D3470026C475 /* AppDelegate.h */ = {isa = PBXFileReference; lastKnownFileType = sourcecode.c.h; path = AppDelegate.h; sourceTree = "<group>"; };
		21BDF87A1AC8D3470026C475 /* AppDelegate.m */ = {isa = PBXFileReference; lastKnownFileType = sourcecode.c.objc; path = AppDelegate.m; sourceTree = "<group>"; };
		21BDF87C1AC8D3470026C475 /* ViewController.h */ = {isa = PBXFileReference; lastKnownFileType = sourcecode.c.h; path = ViewController.h; sourceTree = "<group>"; };
		21BDF87D1AC8D3470026C475 /* ViewController.m */ = {isa = PBXFileReference; lastKnownFileType = sourcecode.c.objc; path = ViewController.m; sourceTree = "<group>"; };
		21BDF8801AC8D3470026C475 /* Base */ = {isa = PBXFileReference; lastKnownFileType = file.storyboard; name = Base; path = Base.lproj/Main.storyboard; sourceTree = "<group>"; };
		21BDF8821AC8D3470026C475 /* Images.xcassets */ = {isa = PBXFileReference; lastKnownFileType = folder.assetcatalog; path = Images.xcassets; sourceTree = "<group>"; };
		21BDF8851AC8D3470026C475 /* Base */ = {isa = PBXFileReference; lastKnownFileType = file.xib; name = Base; path = Base.lproj/LaunchScreen.xib; sourceTree = "<group>"; };
		21BDF88B1AC8D3470026C475 /* teiboTests.xctest */ = {isa = PBXFileReference; explicitFileType = wrapper.cfbundle; includeInIndex = 0; path = teiboTests.xctest; sourceTree = BUILT_PRODUCTS_DIR; };
		21BDF8901AC8D3470026C475 /* Info.plist */ = {isa = PBXFileReference; lastKnownFileType = text.plist.xml; path = Info.plist; sourceTree = "<group>"; };
		21BDF8911AC8D3470026C475 /* teiboTests.m */ = {isa = PBXFileReference; lastKnownFileType = sourcecode.c.objc; path = teiboTests.m; sourceTree = "<group>"; };
/* End PBXFileReference section */

/* Begin PBXFrameworksBuildPhase section */
		21BDF86F1AC8D3460026C475 /* Frameworks */ = {
			isa = PBXFrameworksBuildPhase;
			buildActionMask = 2147483647;
			files = (
			);
			runOnlyForDeploymentPostprocessing = 0;
		};
		21BDF8881AC8D3470026C475 /* Frameworks */ = {
			isa = PBXFrameworksBuildPhase;
			buildActionMask = 2147483647;
			files = (
			);
			runOnlyForDeploymentPostprocessing = 0;
		};
/* End PBXFrameworksBuildPhase section */

/* Begin PBXGroup section */
		21BDF8691AC8D3460026C475 = {
			isa = PBXGroup;
			children = (
				21BDF8741AC8D3460026C475 /* teibo */,
				21BDF88E1AC8D3470026C475 /* teiboTests */,
				21BDF8731AC8D3460026C475 /* Products */,
			);
			sourceTree = "<group>";
		};
		21BDF8731AC8D3460026C475 /* Products */ = {
			isa = PBXGroup;
			children = (
				21BDF8721AC8D3460026C475 /* teibo.app */,
				21BDF88B1AC8D3470026C475 /* teiboTests.xctest */,
			);
			name = Products;
			sourceTree = "<group>";
		};
		21BDF8741AC8D3460026C475 /* teibo */ = {
			isa = PBXGroup;
			children = (
				21BDF8791AC8D3470026C475 /* AppDelegate.h */,
				21BDF87A1AC8D3470026C475 /* AppDelegate.m */,
				21BDF87C1AC8D3470026C475 /* ViewController.h */,
				21BDF87D1AC8D3470026C475 /* ViewController.m */,
				21BDF87F1AC8D3470026C475 /* Main.storyboard */,
				21BDF8821AC8D3470026C475 /* Images.xcassets */,
				21BDF8841AC8D3470026C475 /* LaunchScreen.xib */,
				21BDF8751AC8D3460026C475 /* Supporting Files */,
			);
			path = teibo;
			sourceTree = "<group>";
		};
		21BDF8751AC8D3460026C475 /* Supporting Files */ = {
			isa = PBXGroup;
			children = (
				21BDF8761AC8D3470026C475 /* Info.plist */,
				21BDF8771AC8D3470026C475 /* main.m */,
			);
			name = "Supporting Files";
			sourceTree = "<group>";
		};
		21BDF88E1AC8D3470026C475 /* teiboTests */ = {
			isa = PBXGroup;
			children = (
				21BDF8911AC8D3470026C475 /* teiboTests.m */,
				21BDF88F1AC8D3470026C475 /* Supporting Files */,
			);
			path = teiboTests;
			sourceTree = "<group>";
		};
		21BDF88F1AC8D3470026C475 /* Supporting Files */ = {
			isa = PBXGroup;
			children = (
				21BDF8901AC8D3470026C475 /* Info.plist */,
			);
			name = "Supporting Files";
			sourceTree = "<group>";
		};
/* End PBXGroup section */

/* Begin PBXNativeTarget section */
		21BDF8711AC8D3460026C475 /* teibo */ = {
			isa = PBXNativeTarget;
			buildConfigurationList = 21BDF8951AC8D3470026C475 /* Build configuration list for PBXNativeTarget "teibo" */;
			buildPhases = (
				21BDF86E1AC8D3460026C475 /* Sources */,
				21BDF86F1AC8D3460026C475 /* Frameworks */,
				21BDF8701AC8D3460026C475 /* Resources */,
			);
			buildRules = (
			);
			dependencies = (
			);
			name = teibo;
			productName = teibo;
			productReference = 21BDF8721AC8D3460026C475 /* teibo.app */;
			productType = "com.apple.product-type.application";
		};
		21BDF88A1AC8D3470026C475 /* teiboTests */ = {
			isa = PBXNativeTarget;
			buildConfigurationList = 21BDF8981AC8D3470026C475 /* Build configuration list for PBXNativeTarget "teiboTests" */;
			buildPhases = (
				21BDF8871AC8D3470026C475 /* Sources */,
				21BDF8881AC8D3470026C475 /* Frameworks */,
				21BDF8891AC8D3470026C475 /* Resources */,
			);
			buildRules = (
			);
			dependencies = (
				21BDF88D1AC8D3470026C475 /* PBXTargetDependency */,
			);
			name = teiboTests;
			productName = teiboTests;
			productReference = 21BDF88B1AC8D3470026C475 /* teiboTests.xctest */;
			productType = "com.apple.product-type.bundle.unit-test";
		};
/* End PBXNativeTarget section */

/* Begin PBXProject section */
		21BDF86A1AC8D3460026C475 /* Project object */ = {
			isa = PBXProject;
			attributes = {
				LastUpgradeCheck = 0610;
				ORGANIZATIONNAME = rm;
				TargetAttributes = {
					21BDF8711AC8D3460026C475 = {
						CreatedOnToolsVersion = 6.1.1;
					};
					21BDF88A1AC8D3470026C475 = {
						CreatedOnToolsVersion = 6.1.1;
						TestTargetID = 21BDF8711AC8D3460026C475;
					};
				};
			};
			buildConfigurationList = 21BDF86D1AC8D3460026C475 /* Build configuration list for PBXProject "teibo" */;
			compatibilityVersion = "Xcode 3.2";
			developmentRegion = English;
			hasScannedForEncodings = 0;
			knownRegions = (
				en,
				Base,
			);
			mainGroup = 21BDF8691AC8D3460026C475;
			productRefGroup = 21BDF8731AC8D3460026C475 /* Products */;
			projectDirPath = "";
			projectRoot = "";
			targets = (
				21BDF8711AC8D3460026C475 /* teibo */,
				21BDF88A1AC8D3470026C475 /* teiboTests */,
			);
		};
/* End PBXProject section */

/* Begin PBXResourcesBuildPhase section */
		21BDF8701AC8D3460026C475 /* Resources */ = {
			isa = PBXResourcesBuildPhase;
			buildActionMask = 2147483647;
			files = (
				21BDF8811AC8D3470026C475 /* Main.storyboard in Resources */,
				21BDF8861AC8D3470026C475 /* LaunchScreen.xib in Resources */,
				21BDF8831AC8D3470026C475 /* Images.xcassets in Resources */,
			);
			runOnlyForDeploymentPostprocessing = 0;
		};
		21BDF8891AC8D3470026C475 /* Resources */ = {
			isa = PBXResourcesBuildPhase;
			buildActionMask = 2147483647;
			files = (
			);
			runOnlyForDeploymentPostprocessing = 0;
		};
/* End PBXResourcesBuildPhase section */

/* Begin PBXSourcesBuildPhase section */
		21BDF86E1AC8D3460026C475 /* Sources */ = {
			isa = PBXSourcesBuildPhase;
			buildActionMask = 2147483647;
			files = (
				21BDF87E1AC8D3470026C475 /* ViewController.m in Sources */,
				21BDF87B1AC8D3470026C475 /* AppDelegate.m in Sources */,
				21BDF8781AC8D3470026C475 /* main.m in Sources */,
			);
			runOnlyForDeploymentPostprocessing = 0;
		};
		21BDF8871AC8D3470026C475 /* Sources */ = {
			isa = PBXSourcesBuildPhase;
			buildActionMask = 2147483647;
			files = (
				21BDF8921AC8D3470026C475 /* teiboTests.m in Sources */,
			);
			runOnlyForDeploymentPostprocessing = 0;
		};
/* End PBXSourcesBuildPhase section */

/* Begin PBXTargetDependency section */
		21BDF88D1AC8D3470026C475 /* PBXTargetDependency */ = {
			isa = PBXTargetDependency;
			target = 21BDF8711AC8D3460026C475 /* teibo */;
			targetProxy = 21BDF88C1AC8D3470026C475 /* PBXContainerItemProxy */;
		};
/* End PBXTargetDependency section */

/* Begin PBXVariantGroup section */
		21BDF87F1AC8D3470026C475 /* Main.storyboard */ = {
			isa = PBXVariantGroup;
			children = (
				21BDF8801AC8D3470026C475 /* Base */,
			);
			name = Main.storyboard;
			sourceTree = "<group>";
		};
		21BDF8841AC8D3470026C475 /* LaunchScreen.xib */ = {
			isa = PBXVariantGroup;
			children = (
				21BDF8851AC8D3470026C475 /* Base */,
			);
			name = LaunchScreen.xib;
			sourceTree = "<group>";
		};
/* End PBXVariantGroup section */

/* Begin XCBuildConfiguration section */
		21BDF8931AC8D3470026C475 /* Debug */ = {
			isa = XCBuildConfiguration;
			buildSettings = {
				ALWAYS_SEARCH_USER_PATHS = NO;
				CLANG_CXX_LANGUAGE_STANDARD = "gnu++0x";
				CLANG_CXX_LIBRARY = "libc++";
				CLANG_ENABLE_MODULES = YES;
				CLANG_ENABLE_OBJC_ARC = YES;
				CLANG_WARN_BOOL_CONVERSION = YES;
				CLANG_WARN_CONSTANT_CONVERSION = YES;
				CLANG_WARN_DIRECT_OBJC_ISA_USAGE = YES_ERROR;
				CLANG_WARN_EMPTY_BODY = YES;
				CLANG_WARN_ENUM_CONVERSION = YES;
				CLANG_WARN_INT_CONVERSION = YES;
				CLANG_WARN_OBJC_ROOT_CLASS = YES_ERROR;
				CLANG_WARN_UNREACHABLE_CODE = YES;
				CLANG_WARN__DUPLICATE_METHOD_MATCH = YES;
				"CODE_SIGN_IDENTITY[sdk=iphoneos*]" = "iPhone Developer";
				COPY_PHASE_STRIP = NO;
				ENABLE_STRICT_OBJC_MSGSEND = YES;
				GCC_C_LANGUAGE_STANDARD = gnu99;
				GCC_DYNAMIC_NO_PIC = NO;
				GCC_OPTIMIZATION_LEVEL = 0;
				GCC_PREPROCESSOR_DEFINITIONS = (
					"DEBUG=1",
					"$(inherited)",
				);
				GCC_SYMBOLS_PRIVATE_EXTERN = NO;
				GCC_WARN_64_TO_32_BIT_CONVERSION = YES;
				GCC_WARN_ABOUT_RETURN_TYPE = YES_ERROR;
				GCC_WARN_UNDECLARED_SELECTOR = YES;
				GCC_WARN_UNINITIALIZED_AUTOS = YES_AGGRESSIVE;
				GCC_WARN_UNUSED_FUNCTION = YES;
				GCC_WARN_UNUSED_VARIABLE = YES;
				IPHONEOS_DEPLOYMENT_TARGET = 8.1;
				MTL_ENABLE_DEBUG_INFO = YES;
				ONLY_ACTIVE_ARCH = YES;
				SDKROOT = iphoneos;
			};
			name = Debug;
		};
		21BDF8941AC8D3470026C475 /* Release */ = {
			isa = XCBuildConfiguration;
			buildSettings = {
				ALWAYS_SEARCH_USER_PATHS = NO;
				CLANG_CXX_LANGUAGE_STANDARD = "gnu++0x";
				CLANG_CXX_LIBRARY = "libc++";
				CLANG_ENABLE_MODULES = YES;
				CLANG_ENABLE_OBJC_ARC = YES;
				CLANG_WARN_BOOL_CONVERSION = YES;
				CLANG_WARN_CONSTANT_CONVERSION = YES;
				CLANG_WARN_DIRECT_OBJC_ISA_USAGE = YES_ERROR;
				CLANG_WARN_EMPTY_BODY = YES;
				CLANG_WARN_ENUM_CONVERSION = YES;
				CLANG_WARN_INT_CONVERSION = YES;
				CLANG_WARN_OBJC_ROOT_CLASS = YES_ERROR;
				CLANG_WARN_UNREACHABLE_CODE = YES;
				CLANG_WARN__DUPLICATE_METHOD_MATCH = YES;
				"CODE_SIGN_IDENTITY[sdk=iphoneos*]" = "iPhone Developer";
				COPY_PHASE_STRIP = YES;
				ENABLE_NS_ASSERTIONS = NO;
				ENABLE_STRICT_OBJC_MSGSEND = YES;
				GCC_C_LANGUAGE_STANDARD = gnu99;
				GCC_WARN_64_TO_32_BIT_CONVERSION = YES;
				GCC_WARN_ABOUT_RETURN_TYPE = YES_ERROR;
				GCC_WARN_UNDECLARED_SELECTOR = YES;
				GCC_WARN_UNINITIALIZED_AUTOS = YES_AGGRESSIVE;
				GCC_WARN_UNUSED_FUNCTION = YES;
				GCC_WARN_UNUSED_VARIABLE = YES;
				IPHONEOS_DEPLOYMENT_TARGET = 8.1;
				MTL_ENABLE_DEBUG_INFO = NO;
				SDKROOT = iphoneos;
				VALIDATE_PRODUCT = YES;
			};
			name = Release;
		};
		21BDF8961AC8D3470026C475 /* Debug */ = {
			isa = XCBuildConfiguration;
			buildSettings = {
				ASSETCATALOG_COMPILER_APPICON_NAME = AppIcon;
				INFOPLIST_FILE = teibo/Info.plist;
				LD_RUNPATH_SEARCH_PATHS = "$(inherited) @executable_path/Frameworks";
				PRODUCT_NAME = "$(TARGET_NAME)";
			};
			name = Debug;
		};
		21BDF8971AC8D3470026C475 /* Release */ = {
			isa = XCBuildConfiguration;
			buildSettings = {
				ASSETCATALOG_COMPILER_APPICON_NAME = AppIcon;
				INFOPLIST_FILE = teibo/Info.plist;
				LD_RUNPATH_SEARCH_PATHS = "$(inherited) @executable_path/Frameworks";
				PRODUCT_NAME = "$(TARGET_NAME)";
			};
			name = Release;
		};
		21BDF8991AC8D3470026C475 /* Debug */ = {
			isa = XCBuildConfiguration;
			buildSettings = {
				BUNDLE_LOADER = "$(TEST_HOST)";
				FRAMEWORK_SEARCH_PATHS = (
					"$(SDKROOT)/Developer/Library/Frameworks",
					"$(inherited)",
				);
				GCC_PREPROCESSOR_DEFINITIONS = (
					"DEBUG=1",
					"$(inherited)",
				);
				INFOPLIST_FILE = teiboTests/Info.plist;
				LD_RUNPATH_SEARCH_PATHS = "$(inherited) @executable_path/Frameworks @loader_path/Frameworks";
				PRODUCT_NAME = "$(TARGET_NAME)";
				TEST_HOST = "$(BUILT_PRODUCTS_DIR)/teibo.app/teibo";
			};
			name = Debug;
		};
		21BDF89A1AC8D3470026C475 /* Release */ = {
			isa = XCBuildConfiguration;
			buildSettings = {
				BUNDLE_LOADER = "$(TEST_HOST)";
				FRAMEWORK_SEARCH_PATHS = (
					"$(SDKROOT)/Developer/Library/Frameworks",
					"$(inherited)",
				);
				INFOPLIST_FILE = teiboTests/Info.plist;
				LD_RUNPATH_SEARCH_PATHS = "$(inherited) @executable_path/Frameworks @loader_path/Frameworks";
				PRODUCT_NAME = "$(TARGET_NAME)";
				TEST_HOST = "$(BUILT_PRODUCTS_DIR)/teibo.app/teibo";
			};
			name = Release;
		};
/* End XCBuildConfiguration section */

/* Begin XCConfigurationList section */
		21BDF86D1AC8D3460026C475 /* Build configuration list for PBXProject "teibo" */ = {
			isa = XCConfigurationList;
			buildConfigurations = (
				21BDF8931AC8D3470026C475 /* Debug */,
				21BDF8941AC8D3470026C475 /* Release */,
			);
			defaultConfigurationIsVisible = 0;
			defaultConfigurationName = Release;
		};
		21BDF8951AC8D3470026C475 /* Build configuration list for PBXNativeTarget "teibo" */ = {
			isa = XCConfigurationList;
			buildConfigurations = (
				21BDF8961AC8D3470026C475 /* Debug */,
				21BDF8971AC8D3470026C475 /* Release */,
			);
			defaultConfigurationIsVisible = 0;
		};
		21BDF8981AC8D3470026C475 /* Build configuration list for PBXNativeTarget "teiboTests" */ = {
			isa = XCConfigurationList;
			buildConfigurations = (
				21BDF8991AC8D3470026C475 /* Debug */,
				21BDF89A1AC8D3470026C475 /* Release */,
			);
			defaultConfigurationIsVisible = 0;
		};
/* End XCConfigurationList section */
	};
	rootObject = 21BDF86A1AC8D3460026C475 /* Project object */;
}
